# Generated by tools/verify_release_notices.py --update after reviewing release notice changes.
# The Gradle graph covers releaseRuntimeClasspath; file hashes cover native/model/license notice inputs.
[releaseRuntimeClasspath]
androidx.activity:activity-compose:1.13.0
androidx.activity:activity-ktx:1.13.0
androidx.activity:activity:1.13.0
androidx.annotation:annotation-experimental:1.5.0
androidx.annotation:annotation-jvm:1.10.0
androidx.annotation:annotation:1.10.0
androidx.appcompat:appcompat-resources:1.7.1
androidx.appcompat:appcompat:1.7.1
androidx.arch.core:core-common:2.2.0
androidx.arch.core:core-runtime:2.2.0
androidx.autofill:autofill:1.0.0
androidx.browser:browser:1.10.0
androidx.collection:collection-jvm:1.5.0
androidx.collection:collection-ktx:1.5.0
androidx.collection:collection:1.5.0
androidx.compose.animation:animation-android:1.12.1
androidx.compose.animation:animation-core-android:1.12.1
androidx.compose.animation:animation-core:1.12.1
androidx.compose.animation:animation:1.12.1
androidx.compose.foundation:foundation-android:1.12.1
androidx.compose.foundation:foundation-layout-android:1.12.1
androidx.compose.foundation:foundation-layout:1.12.1
androidx.compose.foundation:foundation:1.12.1
androidx.compose.material3:material3-android:1.4.0
androidx.compose.material3:material3:1.4.0
androidx.compose.material:material-icons-core-android:1.7.8
androidx.compose.material:material-icons-core:1.7.8
androidx.compose.material:material-ripple-android:1.12.1
androidx.compose.material:material-ripple:1.12.1
androidx.compose.runtime:runtime-android:1.12.1
androidx.compose.runtime:runtime-annotation-android:1.12.1
androidx.compose.runtime:runtime-annotation:1.12.1
androidx.compose.runtime:runtime-retain-android:1.12.1
androidx.compose.runtime:runtime-retain:1.12.1
androidx.compose.runtime:runtime-saveable-android:1.12.1
androidx.compose.runtime:runtime-saveable:1.12.1
androidx.compose.runtime:runtime:1.12.1
androidx.compose.ui:ui-android:1.12.1
androidx.compose.ui:ui-geometry-android:1.12.1
androidx.compose.ui:ui-geometry:1.12.1
androidx.compose.ui:ui-graphics-android:1.12.1
androidx.compose.ui:ui-graphics:1.12.1
androidx.compose.ui:ui-text-android:1.12.1
androidx.compose.ui:ui-text:1.12.1
androidx.compose.ui:ui-tooling-preview-android:1.12.1
androidx.compose.ui:ui-tooling-preview:1.12.1
androidx.compose.ui:ui-unit-android:1.12.1
androidx.compose.ui:ui-unit:1.12.1
androidx.compose.ui:ui-util-android:1.12.1
androidx.compose.ui:ui-util:1.12.1
androidx.compose.ui:ui:1.12.1
androidx.compose:compose-bom:2026.09.00
androidx.concurrent:concurrent-futures-ktx:1.1.0
androidx.concurrent:concurrent-futures:1.1.0
androidx.core:core-ktx:1.19.1
androidx.core:core-viewtree:1.0.0
androidx.core:core:1.19.1
androidx.cursoradapter:cursoradapter:1.0.0
androidx.customview:customview-poolingcontainer:1.0.0
androidx.customview:customview:1.0.0
androidx.datastore:datastore-android:1.2.1
androidx.datastore:datastore-core-android:1.2.1
androidx.datastore:datastore-core-okio-jvm:1.2.1
androidx.datastore:datastore-core-okio:1.2.1
androidx.datastore:datastore-core:1.2.1
androidx.datastore:datastore-preferences-android:1.2.1
androidx.datastore:datastore-preferences-core-android:1.2.1
androidx.datastore:datastore-preferences-core:1.2.1
androidx.datastore:datastore-preferences-external-protobuf:1.2.1
androidx.datastore:datastore-preferences-proto:1.2.1
androidx.datastore:datastore-preferences:1.2.1
androidx.datastore:datastore:1.2.1
androidx.drawerlayout:drawerlayout:1.0.0
androidx.emoji2:emoji2-views-helper:1.4.0
androidx.emoji2:emoji2:1.4.0
androidx.exifinterface:exifinterface:1.4.2
androidx.fragment:fragment-ktx:1.8.9
androidx.fragment:fragment:1.8.9
androidx.graphics:graphics-path:1.0.1
androidx.interpolator:interpolator:1.0.0
androidx.lifecycle:lifecycle-common-java8:2.11.0
androidx.lifecycle:lifecycle-common-jvm:2.11.0
androidx.lifecycle:lifecycle-common:2.11.0
androidx.lifecycle:lifecycle-livedata-core-ktx:2.11.0
androidx.lifecycle:lifecycle-livedata-core:2.11.0
androidx.lifecycle:lifecycle-livedata-ktx:2.11.0
androidx.lifecycle:lifecycle-livedata:2.11.0
androidx.lifecycle:lifecycle-process:2.11.0
androidx.lifecycle:lifecycle-runtime-android:2.11.0
androidx.lifecycle:lifecycle-runtime-compose-android:2.11.0
androidx.lifecycle:lifecycle-runtime-compose:2.11.0
androidx.lifecycle:lifecycle-runtime-ktx-android:2.11.0
androidx.lifecycle:lifecycle-runtime-ktx:2.11.0
androidx.lifecycle:lifecycle-runtime:2.11.0
androidx.lifecycle:lifecycle-service:2.11.0
androidx.lifecycle:lifecycle-viewmodel-android:2.11.0
androidx.lifecycle:lifecycle-viewmodel-compose-android:2.11.0
androidx.lifecycle:lifecycle-viewmodel-compose:2.11.0
androidx.lifecycle:lifecycle-viewmodel-ktx:2.11.0
androidx.lifecycle:lifecycle-viewmodel-savedstate-android:2.11.0
androidx.lifecycle:lifecycle-viewmodel-savedstate:2.11.0
androidx.lifecycle:lifecycle-viewmodel:2.11.0
androidx.loader:loader:1.0.0
androidx.navigation:navigation-common-android:2.10.2
androidx.navigation:navigation-common:2.10.2
androidx.navigation:navigation-compose-android:2.10.2
androidx.navigation:navigation-compose:2.10.2
androidx.navigation:navigation-runtime-android:2.10.2
androidx.navigation:navigation-runtime:2.10.2
androidx.navigationevent:navigationevent-android:1.1.2
androidx.navigationevent:navigationevent-compose-android:1.1.2
androidx.navigationevent:navigationevent-compose:1.1.2
androidx.navigationevent:navigationevent:1.1.2
androidx.paging:paging-common-android:3.5.1
androidx.paging:paging-common-ktx:3.5.1
androidx.paging:paging-common:3.5.1
androidx.paging:paging-compose-android:3.5.1
androidx.paging:paging-compose:3.5.1
androidx.paging:paging-runtime-ktx:3.5.1
androidx.paging:paging-runtime:3.5.1
androidx.profileinstaller:profileinstaller:1.4.1
androidx.recyclerview:recyclerview:1.2.1
androidx.resourceinspection:resourceinspection-annotation:1.0.1
androidx.room:room-common-jvm:2.8.5
androidx.room:room-common:2.8.5
androidx.room:room-ktx:2.8.5
androidx.room:room-paging-android:2.8.5
androidx.room:room-paging:2.8.5
androidx.room:room-runtime-android:2.8.5
androidx.room:room-runtime:2.8.5
androidx.savedstate:savedstate-android:1.5.0
androidx.savedstate:savedstate-compose-android:1.5.0
androidx.savedstate:savedstate-compose:1.5.0
androidx.savedstate:savedstate-ktx:1.5.0
androidx.savedstate:savedstate:1.5.0
androidx.sqlite:sqlite-android:2.6.2
androidx.sqlite:sqlite-framework-android:2.6.2
androidx.sqlite:sqlite-framework:2.6.2
androidx.sqlite:sqlite:2.6.2
androidx.startup:startup-runtime:1.2.0
androidx.tracing:tracing-ktx:1.2.0
androidx.tracing:tracing:1.2.0
androidx.vectordrawable:vectordrawable-animated:1.1.0
androidx.vectordrawable:vectordrawable:1.1.0
androidx.versionedparcelable:versionedparcelable:1.1.1
androidx.viewpager:viewpager:1.0.0
androidx.window:window-core-android:1.5.0
androidx.window:window-core:1.5.0
androidx.window:window:1.5.0
androidx.work:work-runtime-ktx:2.12.0
androidx.work:work-runtime:2.12.0
co.touchlab:stately-concurrency-jvm:2.1.0
co.touchlab:stately-concurrency:2.1.0
co.touchlab:stately-concurrent-collections-jvm:2.1.0
co.touchlab:stately-concurrent-collections:2.1.0
co.touchlab:stately-strict-jvm:2.1.0
co.touchlab:stately-strict:2.1.0
com.abovevacant:epitaph:0.1.1
com.google.accompanist:accompanist-drawablepainter:0.37.3
com.google.ai.edge.litertlm:litertlm-android:0.17.1
com.google.code.gson:gson:2.14.0
com.google.errorprone:error_prone_annotations:2.48.0
com.google.guava:listenablefuture:1.0
com.squareup.moshi:moshi-kotlin:1.15.2
com.squareup.moshi:moshi:1.15.2
com.squareup.okhttp3:logging-interceptor:5.5.0
com.squareup.okhttp3:okhttp-android:5.5.0
com.squareup.okhttp3:okhttp:5.5.0
com.squareup.okio:okio-jvm:3.18.1
com.squareup.okio:okio:3.18.1
com.squareup.retrofit2:converter-moshi:3.0.0
com.squareup.retrofit2:retrofit:3.0.0
commons-codec:commons-codec:1.19.0
commons-io:commons-io:2.20.0
io.coil-kt.coil3:coil-android:3.6.3
io.coil-kt.coil3:coil-compose-android:3.6.3
io.coil-kt.coil3:coil-compose-core-android:3.6.3
io.coil-kt.coil3:coil-compose-core:3.6.3
io.coil-kt.coil3:coil-compose:3.6.3
io.coil-kt.coil3:coil-core-android:3.6.3
io.coil-kt.coil3:coil-core:3.6.3
io.coil-kt.coil3:coil-network-core-android:3.6.3
io.coil-kt.coil3:coil-network-core:3.6.3
io.coil-kt.coil3:coil-network-okhttp-android:3.6.3
io.coil-kt.coil3:coil-network-okhttp:3.6.3
io.coil-kt.coil3:coil:3.6.3
io.insert-koin:koin-android:4.2.2
io.insert-koin:koin-androidx-compose-navigation:4.2.2
io.insert-koin:koin-androidx-compose:4.2.2
io.insert-koin:koin-androidx-workmanager:4.2.2
io.insert-koin:koin-bom:4.2.2
io.insert-koin:koin-compose-android:4.2.2
io.insert-koin:koin-compose-viewmodel-android:4.2.2
io.insert-koin:koin-compose-viewmodel:4.2.2
io.insert-koin:koin-compose:4.2.2
io.insert-koin:koin-core-jvm:4.2.2
io.insert-koin:koin-core-viewmodel-android:4.2.2
io.insert-koin:koin-core-viewmodel:4.2.2
io.insert-koin:koin-core:4.2.2
io.sentry:sentry-android-core:8.57.0
io.sentry:sentry-android-ndk:8.57.0
io.sentry:sentry-native-ndk:0.16.6
io.sentry:sentry:8.57.0
org.apache.commons:commons-compress:1.28.0
org.apache.commons:commons-lang3:3.18.0
org.jetbrains.androidx.lifecycle:lifecycle-common:2.11.0-beta01
org.jetbrains.androidx.lifecycle:lifecycle-runtime-compose:2.9.6
org.jetbrains.androidx.lifecycle:lifecycle-runtime:2.9.6
org.jetbrains.androidx.lifecycle:lifecycle-viewmodel-compose:2.11.0-beta01
org.jetbrains.androidx.lifecycle:lifecycle-viewmodel-savedstate:2.11.0-beta01
org.jetbrains.androidx.lifecycle:lifecycle-viewmodel:2.11.0-beta01
org.jetbrains.androidx.savedstate:savedstate-compose:1.3.6
org.jetbrains.androidx.savedstate:savedstate:1.3.6
org.jetbrains.compose.animation:animation-android:1.12.0
org.jetbrains.compose.animation:animation-core-android:1.12.0
org.jetbrains.compose.animation:animation-core:1.12.0
org.jetbrains.compose.animation:animation:1.12.0
org.jetbrains.compose.foundation:foundation-android:1.12.0
org.jetbrains.compose.foundation:foundation-layout-android:1.12.0
org.jetbrains.compose.foundation:foundation-layout:1.12.0
org.jetbrains.compose.foundation:foundation:1.12.0
org.jetbrains.compose.runtime:runtime-android:1.12.0
org.jetbrains.compose.runtime:runtime-saveable-android:1.12.0
org.jetbrains.compose.runtime:runtime-saveable:1.12.0
org.jetbrains.compose.runtime:runtime:1.12.0
org.jetbrains.compose.ui:ui-android:1.12.0
org.jetbrains.compose.ui:ui-geometry-android:1.12.0
org.jetbrains.compose.ui:ui-geometry:1.12.0
org.jetbrains.compose.ui:ui-graphics-android:1.12.0
org.jetbrains.compose.ui:ui-graphics:1.12.0
org.jetbrains.compose.ui:ui-text-android:1.12.0
org.jetbrains.compose.ui:ui-text:1.12.0
org.jetbrains.compose.ui:ui-unit-android:1.12.0
org.jetbrains.compose.ui:ui-unit:1.12.0
org.jetbrains.compose.ui:ui-util-android:1.12.0
org.jetbrains.compose.ui:ui-util:1.12.0
org.jetbrains.compose.ui:ui:1.12.0
org.jetbrains.kotlin:kotlin-reflect:2.4.0
org.jetbrains.kotlin:kotlin-stdlib-common:2.4.20
org.jetbrains.kotlin:kotlin-stdlib-jdk7:1.8.21
org.jetbrains.kotlin:kotlin-stdlib-jdk8:1.8.21
org.jetbrains.kotlin:kotlin-stdlib:2.4.20
org.jetbrains.kotlinx:kotlinx-coroutines-android:1.11.0
org.jetbrains.kotlinx:kotlinx-coroutines-bom:1.11.0
org.jetbrains.kotlinx:kotlinx-coroutines-core-jvm:1.11.0
org.jetbrains.kotlinx:kotlinx-coroutines-core:1.11.0
org.jetbrains.kotlinx:kotlinx-serialization-bom:1.7.3
org.jetbrains.kotlinx:kotlinx-serialization-core-jvm:1.7.3
org.jetbrains.kotlinx:kotlinx-serialization-core:1.7.3
org.jetbrains.kotlinx:kotlinx-serialization-json-jvm:1.7.3
org.jetbrains.kotlinx:kotlinx-serialization-json:1.7.3
org.jetbrains:annotations:23.0.0
org.jsoup:jsoup:1.23.2
org.jspecify:jspecify:1.0.0

[releaseNoticeInputsSha256]
d8a6cc31abc16b6748c7a21f21611f5a1ec33f67d22ca23d7da1c19b95496bee  LICENSE
fce5ddb49a3f63dc15acac03db30c6d5d4e2a4bc82aeb39a8614e390754bf43a  NOTICE.md
eaf71494b5246b5338091683868cfeed00b3a6325a893380f9c72f01224e6748  app/libs/sherpa-onnx-1.13.4-arm64.aar
0a8e81ce6badbc11d61b02650c96bab14d898e8926f3e1fbbc07086d9cf7f17a  app/src/main/assets/licenses/README.md
c71d239df91726fc519c6eb72d318ec65820627232b2f796219e87dcf35d0ab4  app/src/main/assets/licenses/litert/LICENSE
67d807a83a6e4f9457365ca61ff3fa1db95b135a17feeefadeff8e9f02123243  app/src/main/assets/licenses/litert/THIRD_PARTY_NOTICE.txt
38f196e698d605ff6158229046ebd086b5bd07e8b183ef2a695417fddc220d18  app/src/main/assets/licenses/models/README.md
5a93d5831e1297ab10fe643e1a631e83be392896da14ee2951285a79012df69d  app/src/main/assets/licenses/models/coqui-pl-mai-female/LICENSE
d323ad90905543442a2d6d006b1114692231237f788540b5ebc608daaa6dcad8  app/src/main/assets/licenses/models/coqui-pl-mai-female/NOTICE.md
c71d239df91726fc519c6eb72d318ec65820627232b2f796219e87dcf35d0ab4  app/src/main/assets/licenses/models/gemma-4/LICENSE
175391634f4fb0a633d150b7845ac315485263d59d420133b5e42c0c08e7160d  app/src/main/assets/licenses/models/gemma-4/MODEL_CARD.md
a9fa9cbc109f25fd27bafb169b0806a7ad152c450700bad6d5db856a3aa59ab9  app/src/main/assets/licenses/models/gemma-4/NOTICE.md
ba898a14f729ba5e9965da34e3eecd5edd3795f2cc5d7c923b815ba79bb851b0  app/src/main/assets/licenses/models/helpers/cppjieba/LICENSE
a2c8de6e54b9638bb4721fd1a125f63c169e482712545c3df6943f12198a8f5d  app/src/main/assets/licenses/models/helpers/cppjieba/NOTICE.md
8ceb4b9ee5adedde47b31e975c1d90c73ad27b6b165a1dcd80c7c545eb65b903  app/src/main/assets/licenses/models/helpers/espeak-ng/COPYING
83cd91a8538560cf91565075c1adb0756165a191ab0d44f7ceee90043cf9be79  app/src/main/assets/licenses/models/helpers/espeak-ng/NOTICE.md
c71d239df91726fc519c6eb72d318ec65820627232b2f796219e87dcf35d0ab4  app/src/main/assets/licenses/models/kitten/LICENSE
615d6117024e331d0ca6d2792c647f875d8345f3b3fe31da0784aa12afca402d  app/src/main/assets/licenses/models/kitten/NOTICE.md
c71d239df91726fc519c6eb72d318ec65820627232b2f796219e87dcf35d0ab4  app/src/main/assets/licenses/models/kokoro/LICENSE
ab9dc6d62edae39ab97b0d45e530ddaeb06a8cabd67a79855e4e144370710e34  app/src/main/assets/licenses/models/kokoro/NOTICE.md
0d944a9110fed9a9602d60e0423a272903e7bd21ab060490774efc77c2275e9f  app/src/main/assets/licenses/models/supertonic-3/LICENSE
6c1cc1e15a387775e0c6c1c16395e715211d2112b57da2f2ea1037f358158b36  app/src/main/assets/licenses/models/supertonic-3/NOTICE.md
cfc7749b96f63bd31c3c42b5c471bf756814053e847c10f3eb003417bc523d30  app/src/main/assets/licenses/sherpa-onnx/LICENSE
2f07c72751aed99790b8a4869cf2311df85a860b22ded05fa22803587a48922c  app/src/main/assets/licenses/sherpa-onnx/onnxruntime/LICENSE
0e07b95f3a8d6230037707c5c4a2b554d12c4cb67369669ac255635528ffcee2  app/src/main/assets/licenses/sherpa-onnx/onnxruntime/ThirdPartyNotices.txt
4a3033e8aec5ce8a4a48b9b3c6d82dfa179d0830a663fa9d9010830242a740aa  app/src/main/assets/tts/NOTICE
84c5d0da67b877f179bc0b88109258c74ddfd71bd90acb57cf1b1354b5faa74a  app/src/main/java/com/hiosdra/hreader/adapter/ai/gemma/Gemma4E2bModel.kt
1a898cfbf9a9caea44670ca74c20a983a0857233339f7225d8b0e23e4ca4506e  app/src/main/java/com/hiosdra/hreader/adapter/tts/TtsModelPackageCatalog.kt
9e7216bd0b2c385a06e3d2f2664849abb86b11cd17728cd172de317ba5c91110  docs/third-party-notices-inventory-2026-09-27.md
